
Microsoft Visual Studio Solution File, Format Version 12.00
# Visual Studio Version 17
VisualStudioVersion = 17.5.002.0
MinimumVisualStudioVersion = 10.0.40219.1
Project("{9A19103F-16F7-4668-BE54-9A1E7A4F7556}") = "Задача 64", "Задача 64\Задача 64.csproj", "{324DCC01-0FC5-47DA-8B1C-471AE8E069ED}"
EndProject
Global
	GlobalSection(SolutionConfigurationPlatforms) = preSolution
		Debug|Any CPU = Debug|Any CPU
		Release|Any CPU = Release|Any CPU
	EndGlobalSection
	GlobalSection(ProjectConfigurationPlatforms) = postSolution
		{324DCC01-0FC5-47DA-8B1C-471AE8E069ED}.Debug|Any CPU.ActiveCfg = Debug|Any CPU
		{324DCC01-0FC5-47DA-8B1C-471AE8E069ED}.Debug|Any CPU.Build.0 = Debug|Any CPU
		{324DCC01-0FC5-47DA-8B1C-471AE8E069ED}.Release|Any CPU.ActiveCfg = Release|Any CPU
		{324DCC01-0FC5-47DA-8B1C-471AE8E069ED}.Release|Any CPU.Build.0 = Release|Any CPU
	EndGlobalSection
	GlobalSection(SolutionProperties) = preSolution
		HideSolutionNode = FALSE
	EndGlobalSection
	GlobalSection(ExtensibilityGlobals) = postSolution
		SolutionGuid = {155BE8B4-4A01-4718-8196-6F7F89D813E6}
	EndGlobalSection
EndGlobal
